
Microsoft Visual Studio Solution File, Format Version 12.00
# Visual Studio Version 17
VisualStudioVersion = 17.10.35004.147
MinimumVisualStudioVersion = 10.0.40219.1
Project("{FAE04EC0-301F-11D3-BF4B-00C04F79EFBC}") = "StateNet-LSPD", "StateNet-LSPD\StateNet-LSPD.csproj", "{B846973D-7455-4DD5-92B1-2CD61A6254DB}"
EndProject
Global
	GlobalSection(SolutionConfigurationPlatforms) = preSolution
		Debug|Any CPU = Debug|Any CPU
		Release|Any CPU = Release|Any CPU
	EndGlobalSection
	GlobalSection(ProjectConfigurationPlatforms) = postSolution
		{B846973D-7455-4DD5-92B1-2CD61A6254DB}.Debug|Any CPU.ActiveCfg = Debug|Any CPU
		{B846973D-7455-4DD5-92B1-2CD61A6254DB}.Debug|Any CPU.Build.0 = Debug|Any CPU
		{B846973D-7455-4DD5-92B1-2CD61A6254DB}.Release|Any CPU.ActiveCfg = Release|Any CPU
		{B846973D-7455-4DD5-92B1-2CD61A6254DB}.Release|Any CPU.Build.0 = Release|Any CPU
	EndGlobalSection
	GlobalSection(SolutionProperties) = preSolution
		HideSolutionNode = FALSE
	EndGlobalSection
	GlobalSection(ExtensibilityGlobals) = postSolution
		SolutionGuid = {3F288219-FE78-413D-A941-892401CB3A69}
	EndGlobalSection
EndGlobal
